
Microsoft Visual Studio Solution File, Format Version 12.00
# Visual Studio Version 17
VisualStudioVersion = 17.14.36121.58 d17.14
MinimumVisualStudioVersion = 10.0.40219.1
Project("{FAE04EC0-301F-11D3-BF4B-00C04F79EFBC}") = "TP4", "TP4.csproj", "{7FE5784B-7790-44CC-A423-77651077FDE9}"
EndProject
Global
	GlobalSection(SolutionConfigurationPlatforms) = preSolution
		Debug|Any CPU = Debug|Any CPU
		Release|Any CPU = Release|Any CPU
	EndGlobalSection
	GlobalSection(ProjectConfigurationPlatforms) = postSolution
		{7FE5784B-7790-44CC-A423-77651077FDE9}.Debug|Any CPU.ActiveCfg = Debug|Any CPU
		{7FE5784B-7790-44CC-A423-77651077FDE9}.Debug|Any CPU.Build.0 = Debug|Any CPU
		{7FE5784B-7790-44CC-A423-77651077FDE9}.Release|Any CPU.ActiveCfg = Release|Any CPU
		{7FE5784B-7790-44CC-A423-77651077FDE9}.Release|Any CPU.Build.0 = Release|Any CPU
	EndGlobalSection
	GlobalSection(SolutionProperties) = preSolution
		HideSolutionNode = FALSE
	EndGlobalSection
	GlobalSection(ExtensibilityGlobals) = postSolution
		SolutionGuid = {24860C00-8719-4DDE-8B7F-7BBD4D06BD3E}
	EndGlobalSection
EndGlobal
